
Microsoft Visual Studio Solution File, Format Version 12.00
# Visual Studio Version 16
VisualStudioVersion = 16.0.31005.135
MinimumVisualStudioVersion = 15.0.26124.0
Project("{9A19103F-16F7-4668-BE54-9A1E7A4F7556}") = "LibraryUtils", "LibraryUtils\LibraryUtils.csproj", "{E2477F98-FAA1-43EF-83CB-D3DA21F75B3A}"
EndProject
Project("{FAE04EC0-301F-11D3-BF4B-00C04F79EFBC}") = "WASM.LibraryUtils", "WASM.LibraryUtils\WASM.LibraryUtils.csproj", "{FECA50EE-3355-468E-98F6-FBC64E73BDF4}"
EndProject
Global
	GlobalSection(SolutionConfigurationPlatforms) = preSolution
		Debug|Any CPU = Debug|Any CPU
		Debug|x64 = Debug|x64
		Debug|x86 = Debug|x86
		Release|Any CPU = Release|Any CPU
		Release|x64 = Release|x64
		Release|x86 = Release|x86
	EndGlobalSection
	GlobalSection(ProjectConfigurationPlatforms) = postSolution
		{E2477F98-FAA1-43EF-83CB-D3DA21F75B3A}.Debug|Any CPU.ActiveCfg = Debug|Any CPU
		{E2477F98-FAA1-43EF-83CB-D3DA21F75B3A}.Debug|Any CPU.Build.0 = Debug|Any CPU
		{E2477F98-FAA1-43EF-83CB-D3DA21F75B3A}.Debug|x64.ActiveCfg = Debug|Any CPU
		{E2477F98-FAA1-43EF-83CB-D3DA21F75B3A}.Debug|x64.Build.0 = Debug|Any CPU
		{E2477F98-FAA1-43EF-83CB-D3DA21F75B3A}.Debug|x86.ActiveCfg = Debug|Any CPU
		{E2477F98-FAA1-43EF-83CB-D3DA21F75B3A}.Debug|x86.Build.0 = Debug|Any CPU
		{E2477F98-FAA1-43EF-83CB-D3DA21F75B3A}.Release|Any CPU.ActiveCfg = Release|Any CPU
		{E2477F98-FAA1-43EF-83CB-D3DA21F75B3A}.Release|Any CPU.Build.0 = Release|Any CPU
		{E2477F98-FAA1-43EF-83CB-D3DA21F75B3A}.Release|x64.ActiveCfg = Release|Any CPU
		{E2477F98-FAA1-43EF-83CB-D3DA21F75B3A}.Release|x64.Build.0 = Release|Any CPU
		{E2477F98-FAA1-43EF-83CB-D3DA21F75B3A}.Release|x86.ActiveCfg = Release|Any CPU
		{E2477F98-FAA1-43EF-83CB-D3DA21F75B3A}.Release|x86.Build.0 = Release|Any CPU
		{FECA50EE-3355-468E-98F6-FBC64E73BDF4}.Debug|Any CPU.ActiveCfg = Debug|Any CPU
		{FECA50EE-3355-468E-98F6-FBC64E73BDF4}.Debug|Any CPU.Build.0 = Debug|Any CPU
		{FECA50EE-3355-468E-98F6-FBC64E73BDF4}.Debug|x64.ActiveCfg = Debug|Any CPU
		{FECA50EE-3355-468E-98F6-FBC64E73BDF4}.Debug|x64.Build.0 = Debug|Any CPU
		{FECA50EE-3355-468E-98F6-FBC64E73BDF4}.Debug|x86.ActiveCfg = Debug|Any CPU
		{FECA50EE-3355-468E-98F6-FBC64E73BDF4}.Debug|x86.Build.0 = Debug|Any CPU
		{FECA50EE-3355-468E-98F6-FBC64E73BDF4}.Release|Any CPU.ActiveCfg = Release|Any CPU
		{FECA50EE-3355-468E-98F6-FBC64E73BDF4}.Release|Any CPU.Build.0 = Release|Any CPU
		{FECA50EE-3355-468E-98F6-FBC64E73BDF4}.Release|x64.ActiveCfg = Release|Any CPU
		{FECA50EE-3355-468E-98F6-FBC64E73BDF4}.Release|x64.Build.0 = Release|Any CPU
		{FECA50EE-3355-468E-98F6-FBC64E73BDF4}.Release|x86.ActiveCfg = Release|Any CPU
		{FECA50EE-3355-468E-98F6-FBC64E73BDF4}.Release|x86.Build.0 = Release|Any CPU
	EndGlobalSection
	GlobalSection(SolutionProperties) = preSolution
		HideSolutionNode = FALSE
	EndGlobalSection
	GlobalSection(ExtensibilityGlobals) = postSolution
		SolutionGuid = {D5AB9E94-03C1-4A1D-8EB1-CAE57009A5DA}
	EndGlobalSection
EndGlobal
